// !$*UTF8*$!
{
	archiveVersion = 1;
	classes = {
	};
	objectVersion = 46;
	objects = {

/* Begin PBXBuildFile section */
		522C04021E18CF370062265E /* tableTest.m in Sources */ = {isa = PBXBuildFile; fileRef = 522C03FF1E18CF370062265E /* tableTest.m */; };
		522C04031E18CF370062265E /* TableTestCell.m in Sources */ = {isa = PBXBuildFile; fileRef = 522C04011E18CF370062265E /* TableTestCell.m */; };
		522C04091E18D22A0062265E /* App.m in Sources */ = {isa = PBXBuildFile; fileRef = 522C04061E18D22A0062265E /* App.m */; };
		522C040A1E18D22A0062265E /* Info.plist in Resources */ = {isa = PBXBuildFile; fileRef = 522C04071E18D22A0062265E /* Info.plist */; };
		522C040B1E18D22A0062265E /* main.m in Sources */ = {isa = PBXBuildFile; fileRef = 522C04081E18D22A0062265E /* main.m */; };
/* End PBXBuildFile section */

/* Begin PBXFileReference section */
		522C03E31E18CED70062265E /* MasonryTest.app */ = {isa = PBXFileReference; explicitFileType = wrapper.application; includeInIndex = 0; path = MasonryTest.app; sourceTree = BUILT_PRODUCTS_DIR; };
		522C03FE1E18CF370062265E /* tableTest.h */ = {isa = PBXFileReference; fileEncoding = 4; lastKnownFileType = sourcecode.c.h; path = tableTest.h; sourceTree = "<group>"; };
		522C03FF1E18CF370062265E /* tableTest.m */ = {isa = PBXFileReference; fileEncoding = 4; lastKnownFileType = sourcecode.c.objc; path = tableTest.m; sourceTree = "<group>"; };
		522C04001E18CF370062265E /* TableTestCell.h */ = {isa = PBXFileReference; fileEncoding = 4; lastKnownFileType = sourcecode.c.h; path = TableTestCell.h; sourceTree = "<group>"; };
		522C04011E18CF370062265E /* TableTestCell.m */ = {isa = PBXFileReference; fileEncoding = 4; lastKnownFileType = sourcecode.c.objc; path = TableTestCell.m; sourceTree = "<group>"; };
		522C04051E18D22A0062265E /* App.h */ = {isa = PBXFileReference; fileEncoding = 4; lastKnownFileType = sourcecode.c.h; path = App.h; sourceTree = "<group>"; };
		522C04061E18D22A0062265E /* App.m */ = {isa = PBXFileReference; fileEncoding = 4; lastKnownFileType = sourcecode.c.objc; path = App.m; sourceTree = "<group>"; };
		522C04071E18D22A0062265E /* Info.plist */ = {isa = PBXFileReference; fileEncoding = 4; lastKnownFileType = text.plist.xml; path = Info.plist; sourceTree = "<group>"; };
		522C04081E18D22A0062265E /* main.m */ = {isa = PBXFileReference; fileEncoding = 4; lastKnownFileType = sourcecode.c.objc; name = main.m; path = system/main.m; sourceTree = "<group>"; };
/* End PBXFileReference section */

/* Begin PBXFrameworksBuildPhase section */
		522C03E01E18CED70062265E /* Frameworks */ = {
			isa = PBXFrameworksBuildPhase;
			buildActionMask = 2147483647;
			files = (
			);
			runOnlyForDeploymentPostprocessing = 0;
		};
/* End PBXFrameworksBuildPhase section */

/* Begin PBXGroup section */
		522C03DA1E18CED70062265E = {
			isa = PBXGroup;
			children = (
				522C03E51E18CED70062265E /* MasonryTest */,
				522C03E41E18CED70062265E /* Products */,
			);
			sourceTree = "<group>";
		};
		522C03E41E18CED70062265E /* Products */ = {
			isa = PBXGroup;
			children = (
				522C03E31E18CED70062265E /* MasonryTest.app */,
			);
			name = Products;
			sourceTree = "<group>";
		};
		522C03E51E18CED70062265E /* MasonryTest */ = {
			isa = PBXGroup;
			children = (
				522C04041E18D22A0062265E /* system */,
				522C03FD1E18CF370062265E /* code */,
			);
			path = MasonryTest;
			sourceTree = "<group>";
		};
		522C03E61E18CED70062265E /* Supporting Files */ = {
			isa = PBXGroup;
			children = (
				522C04081E18D22A0062265E /* main.m */,
			);
			name = "Supporting Files";
			path = ..;
			sourceTree = "<group>";
		};
		522C03FD1E18CF370062265E /* code */ = {
			isa = PBXGroup;
			children = (
				522C03FE1E18CF370062265E /* tableTest.h */,
				522C03FF1E18CF370062265E /* tableTest.m */,
				522C04001E18CF370062265E /* TableTestCell.h */,
				522C04011E18CF370062265E /* TableTestCell.m */,
			);
			path = code;
			sourceTree = "<group>";
		};
		522C04041E18D22A0062265E /* system */ = {
			isa = PBXGroup;
			children = (
				522C04051E18D22A0062265E /* App.h */,
				522C04061E18D22A0062265E /* App.m */,
				522C04071E18D22A0062265E /* Info.plist */,
				522C03E61E18CED70062265E /* Supporting Files */,
			);
			path = system;
			sourceTree = "<group>";
		};
/* End PBXGroup section */

/* Begin PBXNativeTarget section */
		522C03E21E18CED70062265E /* MasonryTest */ = {
			isa = PBXNativeTarget;
			buildConfigurationList = 522C03FA1E18CED70062265E /* Build configuration list for PBXNativeTarget "MasonryTest" */;
			buildPhases = (
				522C03DF1E18CED70062265E /* Sources */,
				522C03E01E18CED70062265E /* Frameworks */,
				522C03E11E18CED70062265E /* Resources */,
			);
			buildRules = (
			);
			dependencies = (
			);
			name = MasonryTest;
			productName = MasonryTest;
			productReference = 522C03E31E18CED70062265E /* MasonryTest.app */;
			productType = "com.apple.product-type.application";
		};
/* End PBXNativeTarget section */

/* Begin PBXProject section */
		522C03DB1E18CED70062265E /* Project object */ = {
			isa = PBXProject;
			attributes = {
				LastUpgradeCheck = 0730;
				ORGANIZATIONNAME = "李红";
				TargetAttributes = {
					522C03E21E18CED70062265E = {
						CreatedOnToolsVersion = 7.3;
						DevelopmentTeam = HJTPXHG854;
					};
				};
			};
			buildConfigurationList = 522C03DE1E18CED70062265E /* Build configuration list for PBXProject "MasonryTest" */;
			compatibilityVersion = "Xcode 3.2";
			developmentRegion = English;
			hasScannedForEncodings = 0;
			knownRegions = (
				en,
				Base,
			);
			mainGroup = 522C03DA1E18CED70062265E;
			productRefGroup = 522C03E41E18CED70062265E /* Products */;
			projectDirPath = "";
			projectRoot = "";
			targets = (
				522C03E21E18CED70062265E /* MasonryTest */,
			);
		};
/* End PBXProject section */

/* Begin PBXResourcesBuildPhase section */
		522C03E11E18CED70062265E /* Resources */ = {
			isa = PBXResourcesBuildPhase;
			buildActionMask = 2147483647;
			files = (
				522C040A1E18D22A0062265E /* Info.plist in Resources */,
			);
			runOnlyForDeploymentPostprocessing = 0;
		};
/* End PBXResourcesBuildPhase section */

/* Begin PBXSourcesBuildPhase section */
		522C03DF1E18CED70062265E /* Sources */ = {
			isa = PBXSourcesBuildPhase;
			buildActionMask = 2147483647;
			files = (
				522C04091E18D22A0062265E /* App.m in Sources */,
				522C04021E18CF370062265E /* tableTest.m in Sources */,
				522C040B1E18D22A0062265E /* main.m in Sources */,
				522C04031E18CF370062265E /* TableTestCell.m in Sources */,
			);
			runOnlyForDeploymentPostprocessing = 0;
		};
/* End PBXSourcesBuildPhase section */

/* Begin XCBuildConfiguration section */
		522C03F81E18CED70062265E /* Debug */ = {
			isa = XCBuildConfiguration;
			buildSettings = {
				ALWAYS_SEARCH_USER_PATHS = NO;
				CLANG_ANALYZER_NONNULL = YES;
				CLANG_CXX_LANGUAGE_STANDARD = "gnu++0x";
				CLANG_CXX_LIBRARY = "libc++";
				CLANG_ENABLE_MODULES = YES;
				CLANG_ENABLE_OBJC_ARC = YES;
				CLANG_WARN_BOOL_CONVERSION = YES;
				CLANG_WARN_CONSTANT_CONVERSION = YES;
				CLANG_WARN_DIRECT_OBJC_ISA_USAGE = YES_ERROR;
				CLANG_WARN_EMPTY_BODY = YES;
				CLANG_WARN_ENUM_CONVERSION = YES;
				CLANG_WARN_INT_CONVERSION = YES;
				CLANG_WARN_OBJC_ROOT_CLASS = YES_ERROR;
				CLANG_WARN_UNREACHABLE_CODE = YES;
				CLANG_WARN__DUPLICATE_METHOD_MATCH = YES;
				"CODE_SIGN_IDENTITY[sdk=iphoneos*]" = "iPhone Developer";
				COPY_PHASE_STRIP = NO;
				DEBUG_INFORMATION_FORMAT = dwarf;
				ENABLE_STRICT_OBJC_MSGSEND = YES;
				ENABLE_TESTABILITY = YES;
				GCC_C_LANGUAGE_STANDARD = gnu99;
				GCC_DYNAMIC_NO_PIC = NO;
				GCC_NO_COMMON_BLOCKS = YES;
				GCC_OPTIMIZATION_LEVEL = 0;
				GCC_PREPROCESSOR_DEFINITIONS = (
					"DEBUG=1",
					"$(inherited)",
				);
				GCC_WARN_64_TO_32_BIT_CONVERSION = YES;
				GCC_WARN_ABOUT_RETURN_TYPE = YES_ERROR;
				GCC_WARN_UNDECLARED_SELECTOR = YES;
				GCC_WARN_UNINITIALIZED_AUTOS = YES_AGGRESSIVE;
				GCC_WARN_UNUSED_FUNCTION = YES;
				GCC_WARN_UNUSED_VARIABLE = YES;
				IPHONEOS_DEPLOYMENT_TARGET = 7.0;
				MTL_ENABLE_DEBUG_INFO = YES;
				ONLY_ACTIVE_ARCH = YES;
				SDKROOT = iphoneos;
				TARGETED_DEVICE_FAMILY = "1,2";
			};
			name = Debug;
		};
		522C03F91E18CED70062265E /* Release */ = {
			isa = XCBuildConfiguration;
			buildSettings = {
				ALWAYS_SEARCH_USER_PATHS = NO;
				CLANG_ANALYZER_NONNULL = YES;
				CLANG_CXX_LANGUAGE_STANDARD = "gnu++0x";
				CLANG_CXX_LIBRARY = "libc++";
				CLANG_ENABLE_MODULES = YES;
				CLANG_ENABLE_OBJC_ARC = YES;
				CLANG_WARN_BOOL_CONVERSION = YES;
				CLANG_WARN_CONSTANT_CONVERSION = YES;
				CLANG_WARN_DIRECT_OBJC_ISA_USAGE = YES_ERROR;
				CLANG_WARN_EMPTY_BODY = YES;
				CLANG_WARN_ENUM_CONVERSION = YES;
				CLANG_WARN_INT_CONVERSION = YES;
				CLANG_WARN_OBJC_ROOT_CLASS = YES_ERROR;
				CLANG_WARN_UNREACHABLE_CODE = YES;
				CLANG_WARN__DUPLICATE_METHOD_MATCH = YES;
				"CODE_SIGN_IDENTITY[sdk=iphoneos*]" = "iPhone Developer";
				COPY_PHASE_STRIP = NO;
				DEBUG_INFORMATION_FORMAT = "dwarf-with-dsym";
				ENABLE_NS_ASSERTIONS = NO;
				ENABLE_STRICT_OBJC_MSGSEND = YES;
				GCC_C_LANGUAGE_STANDARD = gnu99;
				GCC_NO_COMMON_BLOCKS = YES;
				GCC_WARN_64_TO_32_BIT_CONVERSION = YES;
				GCC_WARN_ABOUT_RETURN_TYPE = YES_ERROR;
				GCC_WARN_UNDECLARED_SELECTOR = YES;
				GCC_WARN_UNINITIALIZED_AUTOS = YES_AGGRESSIVE;
				GCC_WARN_UNUSED_FUNCTION = YES;
				GCC_WARN_UNUSED_VARIABLE = YES;
				IPHONEOS_DEPLOYMENT_TARGET = 7.0;
				MTL_ENABLE_DEBUG_INFO = NO;
				SDKROOT = iphoneos;
				TARGETED_DEVICE_FAMILY = "1,2";
				VALIDATE_PRODUCT = YES;
			};
			name = Release;
		};
		522C03FB1E18CED70062265E /* Debug */ = {
			isa = XCBuildConfiguration;
			buildSettings = {
				INFOPLIST_FILE = "$(SRCROOT)/MasonryTest/system/Info.plist";
				LD_RUNPATH_SEARCH_PATHS = "$(inherited) @executable_path/Frameworks";
				PRODUCT_BUNDLE_IDENTIFIER = com.401120.com;
				PRODUCT_NAME = "$(TARGET_NAME)";
			};
			name = Debug;
		};
		522C03FC1E18CED70062265E /* Release */ = {
			isa = XCBuildConfiguration;
			buildSettings = {
				INFOPLIST_FILE = "$(SRCROOT)/MasonryTest/system/Info.plist";
				LD_RUNPATH_SEARCH_PATHS = "$(inherited) @executable_path/Frameworks";
				PRODUCT_BUNDLE_IDENTIFIER = com.401120.com;
				PRODUCT_NAME = "$(TARGET_NAME)";
			};
			name = Release;
		};
/* End XCBuildConfiguration section */

/* Begin XCConfigurationList section */
		522C03DE1E18CED70062265E /* Build configuration list for PBXProject "MasonryTest" */ = {
			isa = XCConfigurationList;
			buildConfigurations = (
				522C03F81E18CED70062265E /* Debug */,
				522C03F91E18CED70062265E /* Release */,
			);
			defaultConfigurationIsVisible = 0;
			defaultConfigurationName = Release;
		};
		522C03FA1E18CED70062265E /* Build configuration list for PBXNativeTarget "MasonryTest" */ = {
			isa = XCConfigurationList;
			buildConfigurations = (
				522C03FB1E18CED70062265E /* Debug */,
				522C03FC1E18CED70062265E /* Release */,
			);
			defaultConfigurationIsVisible = 0;
		};
/* End XCConfigurationList section */
	};
	rootObject = 522C03DB1E18CED70062265E /* Project object */;
}
